
Microsoft Visual Studio Solution File, Format Version 12.00
# Visual Studio Version 16
VisualStudioVersion = 16.0.29215.179
MinimumVisualStudioVersion = 10.0.40219.1
Project("{FAE04EC0-301F-11D3-BF4B-00C04F79EFBC}") = "WebTicket", "WebTicket.csproj", "{BA9754CD-0048-44ED-8682-87925F06D734}"
EndProject
Global
	GlobalSection(SolutionConfigurationPlatforms) = preSolution
		Debug|Any CPU = Debug|Any CPU
		Release|Any CPU = Release|Any CPU
	EndGlobalSection
	GlobalSection(ProjectConfigurationPlatforms) = postSolution
		{BA9754CD-0048-44ED-8682-87925F06D734}.Debug|Any CPU.ActiveCfg = Debug|Any CPU
		{BA9754CD-0048-44ED-8682-87925F06D734}.Debug|Any CPU.Build.0 = Debug|Any CPU
		{BA9754CD-0048-44ED-8682-87925F06D734}.Release|Any CPU.ActiveCfg = Release|Any CPU
		{BA9754CD-0048-44ED-8682-87925F06D734}.Release|Any CPU.Build.0 = Release|Any CPU
	EndGlobalSection
	GlobalSection(SolutionProperties) = preSolution
		HideSolutionNode = FALSE
	EndGlobalSection
	GlobalSection(ExtensibilityGlobals) = postSolution
		SolutionGuid = {DD965C0D-BD81-4715-9E43-26E6C9182FB7}
	EndGlobalSection
EndGlobal
